
Microsoft Visual Studio Solution File, Format Version 12.00
# Visual Studio Version 17
VisualStudioVersion = 17.5.2.0
MinimumVisualStudioVersion = 10.0.40219.1
Project("{FAE04EC0-301F-11D3-BF4B-00C04F79EFBC}") = "GitSubtreeManager.Gui", "GitSubtreeManager.Gui\GitSubtreeManager.Gui.csproj", "{4A9C493C-7CE7-B41B-E23F-876F37B06DF4}"
EndProject
Project("{FAE04EC0-301F-11D3-BF4B-00C04F79EFBC}") = "GitSubtreeManager.Model", "GitSubtreeManager.Model\GitSubtreeManager.Model.csproj", "{0571ADD3-CB9C-4E41-B7AC-CF5B0400BE2E}"
EndProject
Project("{FAE04EC0-301F-11D3-BF4B-00C04F79EFBC}") = "GitSubtreeManager.CLI", "GitSubtreeManager.CLI\GitSubtreeManager.CLI.csproj", "{21740F79-608F-4CFE-A112-C50785335428}"
EndProject
Global
	GlobalSection(SolutionConfigurationPlatforms) = preSolution
		Debug|Any CPU = Debug|Any CPU
		Debug|x64 = Debug|x64
		Debug|x86 = Debug|x86
		Release|Any CPU = Release|Any CPU
		Release|x64 = Release|x64
		Release|x86 = Release|x86
	EndGlobalSection
	GlobalSection(ProjectConfigurationPlatforms) = postSolution
		{4A9C493C-7CE7-B41B-E23F-876F37B06DF4}.Debug|Any CPU.ActiveCfg = Debug|Any CPU
		{4A9C493C-7CE7-B41B-E23F-876F37B06DF4}.Debug|Any CPU.Build.0 = Debug|Any CPU
		{4A9C493C-7CE7-B41B-E23F-876F37B06DF4}.Debug|x64.ActiveCfg = Debug|Any CPU
		{4A9C493C-7CE7-B41B-E23F-876F37B06DF4}.Debug|x64.Build.0 = Debug|Any CPU
		{4A9C493C-7CE7-B41B-E23F-876F37B06DF4}.Debug|x86.ActiveCfg = Debug|Any CPU
		{4A9C493C-7CE7-B41B-E23F-876F37B06DF4}.Debug|x86.Build.0 = Debug|Any CPU
		{4A9C493C-7CE7-B41B-E23F-876F37B06DF4}.Release|Any CPU.ActiveCfg = Release|Any CPU
		{4A9C493C-7CE7-B41B-E23F-876F37B06DF4}.Release|Any CPU.Build.0 = Release|Any CPU
		{4A9C493C-7CE7-B41B-E23F-876F37B06DF4}.Release|x64.ActiveCfg = Release|Any CPU
		{4A9C493C-7CE7-B41B-E23F-876F37B06DF4}.Release|x64.Build.0 = Release|Any CPU
		{4A9C493C-7CE7-B41B-E23F-876F37B06DF4}.Release|x86.ActiveCfg = Release|Any CPU
		{4A9C493C-7CE7-B41B-E23F-876F37B06DF4}.Release|x86.Build.0 = Release|Any CPU
		{0571ADD3-CB9C-4E41-B7AC-CF5B0400BE2E}.Debug|Any CPU.ActiveCfg = Debug|Any CPU
		{0571ADD3-CB9C-4E41-B7AC-CF5B0400BE2E}.Debug|Any CPU.Build.0 = Debug|Any CPU
		{0571ADD3-CB9C-4E41-B7AC-CF5B0400BE2E}.Debug|x64.ActiveCfg = Debug|Any CPU
		{0571ADD3-CB9C-4E41-B7AC-CF5B0400BE2E}.Debug|x64.Build.0 = Debug|Any CPU
		{0571ADD3-CB9C-4E41-B7AC-CF5B0400BE2E}.Debug|x86.ActiveCfg = Debug|Any CPU
		{0571ADD3-CB9C-4E41-B7AC-CF5B0400BE2E}.Debug|x86.Build.0 = Debug|Any CPU
		{0571ADD3-CB9C-4E41-B7AC-CF5B0400BE2E}.Release|Any CPU.ActiveCfg = Release|Any CPU
		{0571ADD3-CB9C-4E41-B7AC-CF5B0400BE2E}.Release|Any CPU.Build.0 = Release|Any CPU
		{0571ADD3-CB9C-4E41-B7AC-CF5B0400BE2E}.Release|x64.ActiveCfg = Release|Any CPU
		{0571ADD3-CB9C-4E41-B7AC-CF5B0400BE2E}.Release|x64.Build.0 = Release|Any CPU
		{0571ADD3-CB9C-4E41-B7AC-CF5B0400BE2E}.Release|x86.ActiveCfg = Release|Any CPU
		{0571ADD3-CB9C-4E41-B7AC-CF5B0400BE2E}.Release|x86.Build.0 = Release|Any CPU
		{21740F79-608F-4CFE-A112-C50785335428}.Debug|Any CPU.ActiveCfg = Debug|Any CPU
		{21740F79-608F-4CFE-A112-C50785335428}.Debug|Any CPU.Build.0 = Debug|Any CPU
		{21740F79-608F-4CFE-A112-C50785335428}.Debug|x64.ActiveCfg = Debug|Any CPU
		{21740F79-608F-4CFE-A112-C50785335428}.Debug|x64.Build.0 = Debug|Any CPU
		{21740F79-608F-4CFE-A112-C50785335428}.Debug|x86.ActiveCfg = Debug|Any CPU
		{21740F79-608F-4CFE-A112-C50785335428}.Debug|x86.Build.0 = Debug|Any CPU
		{21740F79-608F-4CFE-A112-C50785335428}.Release|Any CPU.ActiveCfg = Release|Any CPU
		{21740F79-608F-4CFE-A112-C50785335428}.Release|Any CPU.Build.0 = Release|Any CPU
		{21740F79-608F-4CFE-A112-C50785335428}.Release|x64.ActiveCfg = Release|Any CPU
		{21740F79-608F-4CFE-A112-C50785335428}.Release|x64.Build.0 = Release|Any CPU
		{21740F79-608F-4CFE-A112-C50785335428}.Release|x86.ActiveCfg = Release|Any CPU
		{21740F79-608F-4CFE-A112-C50785335428}.Release|x86.Build.0 = Release|Any CPU
	EndGlobalSection
	GlobalSection(SolutionProperties) = preSolution
		HideSolutionNode = FALSE
	EndGlobalSection
	GlobalSection(ExtensibilityGlobals) = postSolution
		SolutionGuid = {9A18A12F-9CAC-4FE0-BB82-47B921AE65B3}
	EndGlobalSection
EndGlobal
